# This file was autogenerated by Stack.
# You should not edit this file by hand.
# For more information, please see the documentation at:
#   https://docs.haskellstack.org/en/stable/lock_files

packages:
- completed:
    hackage: say-0.1.0.1@sha256:f20554ed3bcc198965a934385fbd98f9fd9754705f06eb2ee2b13a9b2c530632,1822
    pantry-tree:
      size: 464
      sha256: c95a735c9ebda5cf21bd355275954de9dd7a37540d2ebf67c6cdad60b27287fa
  original:
    hackage: say-0.1.0.1@sha256:f20554ed3bcc198965a934385fbd98f9fd9754705f06eb2ee2b13a9b2c530632,1822
- completed:
    hackage: warp-3.3.14@sha256:cd627497cb2a43ab7923d7df3aa90480ea2dac0de1b05455b40a89ea789ac2c7,10902
    pantry-tree:
      size: 3973
      sha256: 8218f142eb5df6061b7be25574a22d81d0a70d2cbc92e4d74831c6aaa17b4117
  original:
    hackage: warp-3.3.14@sha256:cd627497cb2a43ab7923d7df3aa90480ea2dac0de1b05455b40a89ea789ac2c7,10902
- completed:
    hackage: async-2.2.3@sha256:0cbefb8247308b38e397e675f832b9bd5317ff1872001d5358f213654423c55b,2920
    pantry-tree:
      size: 501
      sha256: 377430ac1100914cf69806a4b0471d6e2757da539f04462e5bbd1072e0ad1c80
  original:
    hackage: async-2.2.3@sha256:0cbefb8247308b38e397e675f832b9bd5317ff1872001d5358f213654423c55b,2920
- completed:
    hackage: auto-update-0.1.6@sha256:10adca282e131a2fa01fb7a411b02811685c1cea02e9813df2d7fb468b5ef638,1373
    pantry-tree:
      size: 828
      sha256: 5e27352ca8e89e569204445b3f7be4951afbcd10cbac701ece75d2070cbed130
  original:
    hackage: auto-update-0.1.6@sha256:10adca282e131a2fa01fb7a411b02811685c1cea02e9813df2d7fb468b5ef638,1373
- completed:
    hackage: bsb-http-chunked-0.0.0.4@sha256:add530e695ea3058bf4f7156a1ca85653ff3635b87ec6d1be8c4891645190f96,2678
    pantry-tree:
      size: 460
      sha256: dfdd4147ba63807dc8b393e99061c5680822abd935bc60844fc9e1b23121ffa3
  original:
    hackage: bsb-http-chunked-0.0.0.4@sha256:add530e695ea3058bf4f7156a1ca85653ff3635b87ec6d1be8c4891645190f96,2678
- completed:
    hackage: case-insensitive-1.2.1.0@sha256:9dfd3171fc7698cf8d931727d3af3a7b389135b583e46b5adac1f9d2026fff61,2244
    pantry-tree:
      size: 688
      sha256: d6f175b17eacce002fc5336c17e119d989bd97f8ad9702446163c9e27c7c79b7
  original:
    hackage: case-insensitive-1.2.1.0@sha256:9dfd3171fc7698cf8d931727d3af3a7b389135b583e46b5adac1f9d2026fff61,2244
- completed:
    hackage: hashable-1.3.1.0@sha256:d965e098e06cc585b201da6137dcb31c40f35eb7a937b833903969447985c076,3784
    pantry-tree:
      size: 937
      sha256: 8ea12ecf91a4d6fd1f1f885faec1b3eeb4baa0db27ccff49072cfdd0c15833ba
  original:
    hackage: hashable-1.3.1.0@sha256:d965e098e06cc585b201da6137dcb31c40f35eb7a937b833903969447985c076,3784
- completed:
    hackage: http-date-0.0.11@sha256:b278b07f880705e3b0b073206ad26954548b666d616733c9a6b5d50993f547d4,1758
    pantry-tree:
      size: 706
      sha256: 8b850ea9f5bdbe3430c305181f44dd02f96613a325f0d2cd1b68a2f024c4bda1
  original:
    hackage: http-date-0.0.11@sha256:b278b07f880705e3b0b073206ad26954548b666d616733c9a6b5d50993f547d4,1758
- completed:
    hackage: http-types-0.12.3@sha256:f35229edb1bc7b3ae27f961b2407dadb5bfa69d43a8f5337ab46cdc79ca4afe9,2035
    pantry-tree:
      size: 833
      sha256: c9b77e1ba204fffbe4e1be80412bc48e47440a07e4b7db4cdc77d573a3e21b9a
  original:
    hackage: http-types-0.12.3@sha256:f35229edb1bc7b3ae27f961b2407dadb5bfa69d43a8f5337ab46cdc79ca4afe9,2035
- completed:
    hackage: http2-2.0.6@sha256:d286b50b1f644b3a4b0c80f5d40d21ac2682e30b5035e46c5395773d5b69ec3b,17686
    pantry-tree:
      size: 44789
      sha256: 81c9ecf6410a1233fb312131fe0c8247764496636dbd67ff83225a885f8a2701
  original:
    hackage: http2-2.0.6@sha256:d286b50b1f644b3a4b0c80f5d40d21ac2682e30b5035e46c5395773d5b69ec3b,17686
- completed:
    hackage: iproute-1.7.11@sha256:a7bba909d85301aaa06534911891f91d4eb8aacdae6204b260cceb7309e09a56,2999
    pantry-tree:
      size: 961
      sha256: 7dd6d81f1157990ee30e6a72485707e9726088b2aa0ff1bfbc6cf6564dc31d8f
  original:
    hackage: iproute-1.7.11@sha256:a7bba909d85301aaa06534911891f91d4eb8aacdae6204b260cceb7309e09a56,2999
- completed:
    hackage: network-3.1.2.1@sha256:188d6daea8cd91bc3553efd5a90a1e7c6d0425fa66a53baa74db5b6d9fd75c8b,4968
    pantry-tree:
      size: 3971
      sha256: b4130e25e85c786b91b8ad6137d8a7079859e4d7a9effa1fd4d3785a55b4a9cc
  original:
    hackage: network-3.1.2.1@sha256:188d6daea8cd91bc3553efd5a90a1e7c6d0425fa66a53baa74db5b6d9fd75c8b,4968
- completed:
    hackage: simple-sendfile-0.2.30@sha256:c6893e159dc20eea6d0b805bfd8d9b73e6a6ba3fe72cc396acdc24fdcd33cc38,2676
    pantry-tree:
      size: 787
      sha256: be6c94ef2a9901e3c642f23a36f2cef8053e3d05779d12c8e625954448d73c55
  original:
    hackage: simple-sendfile-0.2.30@sha256:c6893e159dc20eea6d0b805bfd8d9b73e6a6ba3fe72cc396acdc24fdcd33cc38,2676
- completed:
    hackage: streaming-commons-0.2.2.1@sha256:28abce35b48dcfb871926dad4cb37bdf737372892b4e5222abc97ca31f2ac738,5159
    pantry-tree:
      size: 3325
      sha256: 2a79114539476ebd44d392a1f76174b32bc4d48a6f2bf5dcf7fa6b7494efdf4b
  original:
    hackage: streaming-commons-0.2.2.1@sha256:28abce35b48dcfb871926dad4cb37bdf737372892b4e5222abc97ca31f2ac738,5159
- completed:
    hackage: time-manager-0.0.0@sha256:d258b1d08f9b926823f5380e9201303b0ebeefe4f9e0047c0cbd7b6728135ee1,657
    pantry-tree:
      size: 217
      sha256: 8f5ff87a3d7eb8c01e1f309b580dafe1dc77d3334b0a161994c5fd3a6ed51385
  original:
    hackage: time-manager-0.0.0@sha256:d258b1d08f9b926823f5380e9201303b0ebeefe4f9e0047c0cbd7b6728135ee1,657
- completed:
    hackage: unix-compat-0.5.3@sha256:60be4a0b2e1cd873e5ad5f0cc9e53575b77640567abb43ef700d5b323ca2ac49,1987
    pantry-tree:
      size: 1044
      sha256: ee4610b3aaf342af829a4c29a9433778a676e1b96e1f2f59f8094ef2aab80bb8
  original:
    hackage: unix-compat-0.5.3@sha256:60be4a0b2e1cd873e5ad5f0cc9e53575b77640567abb43ef700d5b323ca2ac49,1987
- completed:
    hackage: vault-0.3.1.5@sha256:10398b6c75b00a5a9f37423c3f064acad4cfdfacb76e2baac1bd9ba225286d67,2280
    pantry-tree:
      size: 771
      sha256: 21bbd1e52c39ae03b3727cc574d605bab2cd3be232befbc27c6563c2a2f29091
  original:
    hackage: vault-0.3.1.5@sha256:10398b6c75b00a5a9f37423c3f064acad4cfdfacb76e2baac1bd9ba225286d67,2280
- completed:
    hackage: wai-3.2.3@sha256:c7518618bdb842116dbc1a4e4553223799eef43add19278c2bbffb4536595fe0,1776
    pantry-tree:
      size: 485
      sha256: 24294d24aa28d9eba747b796e49d32afcecda70ba0d446e4073d9b2581a90a6e
  original:
    hackage: wai-3.2.3@sha256:c7518618bdb842116dbc1a4e4553223799eef43add19278c2bbffb4536595fe0,1776
- completed:
    hackage: word8-0.1.3@sha256:e5464d0600821a116467d4b12fef12b15ff040c3599500e5f0274225e78c6faf,1397
    pantry-tree:
      size: 478
      sha256: f90debca29fa7b54bb82f1bc6843c827fcea96b5149af4dd0ed69dad73856f0e
  original:
    hackage: word8-0.1.3@sha256:e5464d0600821a116467d4b12fef12b15ff040c3599500e5f0274225e78c6faf,1397
- completed:
    hackage: x509-1.7.5@sha256:01185a9a17bee4e89287d9e32bfaa673133cf2b09a39759627bed1f72ea528fd,2305
    pantry-tree:
      size: 1072
      sha256: 42cc162fbe2221555fb4d91e3de6699bc7731887c2c0e01ad79c8bf6ade988d9
  original:
    hackage: x509-1.7.5@sha256:01185a9a17bee4e89287d9e32bfaa673133cf2b09a39759627bed1f72ea528fd,2305
- completed:
    hackage: appar-0.1.8@sha256:a5d529bacbb74d566e4c5f9479af0637eac5957705f6db4d2670517489795de8,1070
    pantry-tree:
      size: 506
      sha256: c8bae7bc8c04b6c3593b48f19f1d626face90832f268f6857aba934bccd4272d
  original:
    hackage: appar-0.1.8@sha256:a5d529bacbb74d566e4c5f9479af0637eac5957705f6db4d2670517489795de8,1070
- completed:
    hackage: asn1-encoding-0.9.6@sha256:27ed8f6043aed79630313bb931f7c8e2b510f0b4586cd55c16ae040c7d1ea098,2060
    pantry-tree:
      size: 981
      sha256: 09963511234ed8fdd0682b10e8366de5105cc513d4daa014d7990496b788b122
  original:
    hackage: asn1-encoding-0.9.6@sha256:27ed8f6043aed79630313bb931f7c8e2b510f0b4586cd55c16ae040c7d1ea098,2060
- completed:
    hackage: asn1-parse-0.9.5@sha256:77c0126d63070df2d82cb4cfa4febb26c4e280f6d854bc778c2fa4d80ce692b8,976
    pantry-tree:
      size: 212
      sha256: 2a6766aa05af5b045ff2d097b5f99621f983d471e254079ef4e56acff26b2248
  original:
    hackage: asn1-parse-0.9.5@sha256:77c0126d63070df2d82cb4cfa4febb26c4e280f6d854bc778c2fa4d80ce692b8,976
- completed:
    hackage: asn1-types-0.3.4@sha256:8e879b3a5bbdd0031232eb84d904b5a3a2c20a18847692b996d774f4ff811355,1025
    pantry-tree:
      size: 525
      sha256: 254adba538008f12853e83b8909ba11ef11e9b8bcb1edc3a97dc6fdb29dad45a
  original:
    hackage: asn1-types-0.3.4@sha256:8e879b3a5bbdd0031232eb84d904b5a3a2c20a18847692b996d774f4ff811355,1025
- completed:
    hackage: attoparsec-0.14.1@sha256:5a11f0339fb7e65429683e8a36d44adca3fd8cd40704525969c691e359c48fa0,5966
    pantry-tree:
      size: 5305
      sha256: 7a15f72ed19d6c9075a601f2e32f25745afa4ea9d72dc4c22bde8ef1478d2c20
  original:
    hackage: attoparsec-0.14.1@sha256:5a11f0339fb7e65429683e8a36d44adca3fd8cd40704525969c691e359c48fa0,5966
- completed:
    hackage: byteorder-1.0.4@sha256:a952817dcbe20af0346fb55a28c13e95e2ddbf3e99f9b4fffdc063f150f13b20,636
    pantry-tree:
      size: 212
      sha256: 1544dc41983f7fe963740d9a8ce2aec1daef17bcb0916fda253dbfa73a14c77a
  original:
    hackage: byteorder-1.0.4@sha256:a952817dcbe20af0346fb55a28c13e95e2ddbf3e99f9b4fffdc063f150f13b20,636
- completed:
    hackage: cryptonite-0.28@sha256:b6c75e62b4c655d4cb1bcbb80d01430d136aac32bd6962c86c84738935cc8f9d,18195
    pantry-tree:
      size: 23132
      sha256: d80d7be9b1d0799a8e401ca5d4f4f424e0d8c42d4a30cc37bf6f82970232bfcf
  original:
    hackage: cryptonite-0.28@sha256:b6c75e62b4c655d4cb1bcbb80d01430d136aac32bd6962c86c84738935cc8f9d,18195
- completed:
    hackage: hourglass-0.2.12@sha256:e083f5e030dfebe432e30a9c0fa07a99a54eac992f622442646be561fd7a44e8,3085
    pantry-tree:
      size: 1605
      sha256: 2b452cfac948057203679468e3e856e7fdf884c3c051f42bc52ba6253ca896e0
  original:
    hackage: hourglass-0.2.12@sha256:e083f5e030dfebe432e30a9c0fa07a99a54eac992f622442646be561fd7a44e8,3085
- completed:
    hackage: memory-0.15.0@sha256:be7024b50e876a9c3b7febaefdd81d5dc67268c58a7b4e6b3825bdc58274d88c,5002
    pantry-tree:
      size: 2509
      sha256: df13688e9516d23eab08bbec9d26338d072e85bf760b654335dc14289162988f
  original:
    hackage: memory-0.15.0@sha256:be7024b50e876a9c3b7febaefdd81d5dc67268c58a7b4e6b3825bdc58274d88c,5002
- completed:
    hackage: network-byte-order-0.1.6@sha256:23d8b609ac43a69d04d5e8f411e5f86a0266c0e8b33b65f8c92ebda64273fe3a,1313
    pantry-tree:
      size: 280
      sha256: 9083de865faa459721e4e0dc5ebec891fa1a1796a1fcdd78588004a926d9f4cb
  original:
    hackage: network-byte-order-0.1.6@sha256:23d8b609ac43a69d04d5e8f411e5f86a0266c0e8b33b65f8c92ebda64273fe3a,1313
- completed:
    hackage: pem-0.2.4@sha256:cc8e62118b783e284dc0fa032f54fe386a3861a948ec88079370a433c103a705,1441
    pantry-tree:
      size: 425
      sha256: 2413dd2c97c72d6e00330057b158973faa6336de068a9be4d6fdcfd474485f77
  original:
    hackage: pem-0.2.4@sha256:cc8e62118b783e284dc0fa032f54fe386a3861a948ec88079370a433c103a705,1441
- completed:
    hackage: psqueues-0.2.7.2@sha256:dbefb35cff7f85ecbe846aed9d6362a3ce1c45260885fb9d562d8c8ed8a81534,4926
    pantry-tree:
      size: 1696
      sha256: 3da71e8233d631954b5b853e34fa7fc7b052cc7f77291bc2037a95645462d3fd
  original:
    hackage: psqueues-0.2.7.2@sha256:dbefb35cff7f85ecbe846aed9d6362a3ce1c45260885fb9d562d8c8ed8a81534,4926
- completed:
    hackage: random-1.2.0@sha256:30d72df4cc1d2fe2d445c88f0ee9d21965af7ce86660c43a6c32a6a1d90d51c9,6094
    pantry-tree:
      size: 1259
      sha256: 92b5a834ba603ee4d006968a75847f4fd93a566b8a96e1b463b8229f8ce9961d
  original:
    hackage: random-1.2.0@sha256:30d72df4cc1d2fe2d445c88f0ee9d21965af7ce86660c43a6c32a6a1d90d51c9,6094
- completed:
    hackage: unordered-containers-0.2.13.0@sha256:6310c636f92ed4908fdd0de582b6be31c2851c7b5f2ec14e9f416eb94df7a078,4978
    pantry-tree:
      size: 1388
      sha256: 0cdd70d603c621e2b184ff7baa232af8a88a01745710b975b97df63e92c700dd
  original:
    hackage: unordered-containers-0.2.13.0@sha256:6310c636f92ed4908fdd0de582b6be31c2851c7b5f2ec14e9f416eb94df7a078,4978
- completed:
    hackage: zlib-0.6.2.3@sha256:28f4d460c260e074cab833625454564b9783a3389b7bb91fd54da2790b39592c,5180
    pantry-tree:
      size: 2619
      sha256: ffcf51025a4f5343a81f040fc847f13a63168889faa435f64b3a1528cd25a3d6
  original:
    hackage: zlib-0.6.2.3@sha256:28f4d460c260e074cab833625454564b9783a3389b7bb91fd54da2790b39592c,5180
- completed:
    hackage: basement-0.0.11@sha256:b685783bd7eeed832c47ebbd48599d9c45dccbc2380dd9295e137a30b37ecdc6,5714
    pantry-tree:
      size: 5859
      sha256: 3e0da32a8fa623079d4e14f31a03a7555a52c873ab959bfbcf77e974627a092d
  original:
    hackage: basement-0.0.11@sha256:b685783bd7eeed832c47ebbd48599d9c45dccbc2380dd9295e137a30b37ecdc6,5714
- completed:
    hackage: scientific-0.3.6.2@sha256:dd49abc76bd8e2b57e7a057dc2bb742a00527b4bf9350f9374be03b5934e55d8,4679
    pantry-tree:
      size: 656
      sha256: d05b22ccd31ad7a4438d9217bf44771ac63c4eeb0acc9c624465044e5894766a
  original:
    hackage: scientific-0.3.6.2@sha256:dd49abc76bd8e2b57e7a057dc2bb742a00527b4bf9350f9374be03b5934e55d8,4679
- completed:
    hackage: splitmix-0.1.0.3@sha256:fc3aae74c467f4b608050bef53aec17904a618731df9407e655d8f3bf8c32d5c,6049
    pantry-tree:
      size: 1400
      sha256: 8290f921f41c3628a6c9871502e57fd1d25f5954967afbf4ed16717fd8d3656f
  original:
    hackage: splitmix-0.1.0.3@sha256:fc3aae74c467f4b608050bef53aec17904a618731df9407e655d8f3bf8c32d5c,6049
- completed:
    hackage: integer-logarithms-1.0.3.1@sha256:888fb6c4fbd79ed2e8f8b94b61bccac25f7fab2b13b32b496e86828bc60b17cf,3184
    pantry-tree:
      size: 865
      sha256: 2acf4af718486ea69edd023edd333f836fdd52a07e2211677b5bf22d78da41db
  original:
    hackage: integer-logarithms-1.0.3.1@sha256:888fb6c4fbd79ed2e8f8b94b61bccac25f7fab2b13b32b496e86828bc60b17cf,3184
- completed:
    hackage: primitive-0.7.1.0@sha256:f6357d5720c1c665096c3e011467daf443198b786a708d2ff926958a24d508d4,2728
    pantry-tree:
      size: 1376
      sha256: 23b707600721b68533c0d4a4d4358c60946b39c2030747837ab7285530b6f6f0
  original:
    hackage: primitive-0.7.1.0@sha256:f6357d5720c1c665096c3e011467daf443198b786a708d2ff926958a24d508d4,2728
snapshots: []
