# This file was autogenerated by Stack.
# You should not edit this file by hand.
# For more information, please see the documentation at:
#   https://docs.haskellstack.org/en/stable/lock_files

packages:
- completed:
    hackage: say-0.1.0.1@sha256:f20554ed3bcc198965a934385fbd98f9fd9754705f06eb2ee2b13a9b2c530632,1822
    pantry-tree:
      size: 464
      sha256: c95a735c9ebda5cf21bd355275954de9dd7a37540d2ebf67c6cdad60b27287fa
  original:
    hackage: say-0.1.0.1@sha256:f20554ed3bcc198965a934385fbd98f9fd9754705f06eb2ee2b13a9b2c530632,1822
snapshots: []
